
Microsoft Visual Studio Solution File, Format Version 12.00
# Visual Studio Version 16
VisualStudioVersion = 16.0.30225.117
MinimumVisualStudioVersion = 10.0.40219.1
Project("{FAE04EC0-301F-11D3-BF4B-00C04F79EFBC}") = "PolypolyGameServer", "PolypolyGameServer\PolypolyGameServer.csproj", "{ED548F66-2D9D-4338-B692-B3C54AACCB4B}"
EndProject
Project("{FAE04EC0-301F-11D3-BF4B-00C04F79EFBC}") = "Standalone Server", "Standalone Server\Standalone Server.csproj", "{746A07BA-7A5A-4F6C-9388-D9CBE051729E}"
EndProject
Global
	GlobalSection(SolutionConfigurationPlatforms) = preSolution
		Debug|Any CPU = Debug|Any CPU
		Release|Any CPU = Release|Any CPU
	EndGlobalSection
	GlobalSection(ProjectConfigurationPlatforms) = postSolution
		{ED548F66-2D9D-4338-B692-B3C54AACCB4B}.Debug|Any CPU.ActiveCfg = Debug|Any CPU
		{ED548F66-2D9D-4338-B692-B3C54AACCB4B}.Debug|Any CPU.Build.0 = Debug|Any CPU
		{ED548F66-2D9D-4338-B692-B3C54AACCB4B}.Release|Any CPU.ActiveCfg = Release|Any CPU
		{ED548F66-2D9D-4338-B692-B3C54AACCB4B}.Release|Any CPU.Build.0 = Release|Any CPU
		{746A07BA-7A5A-4F6C-9388-D9CBE051729E}.Debug|Any CPU.ActiveCfg = Debug|Any CPU
		{746A07BA-7A5A-4F6C-9388-D9CBE051729E}.Debug|Any CPU.Build.0 = Debug|Any CPU
		{746A07BA-7A5A-4F6C-9388-D9CBE051729E}.Release|Any CPU.ActiveCfg = Release|Any CPU
		{746A07BA-7A5A-4F6C-9388-D9CBE051729E}.Release|Any CPU.Build.0 = Release|Any CPU
	EndGlobalSection
	GlobalSection(SolutionProperties) = preSolution
		HideSolutionNode = FALSE
	EndGlobalSection
	GlobalSection(ExtensibilityGlobals) = postSolution
		SolutionGuid = {D6CCD6B9-2A29-4BF6-B5D7-35EB097398A0}
	EndGlobalSection
EndGlobal
